{
    "_readme": [
        "This file locks the dependencies of your project to a known state",
        "Read more about it at https://getcomposer.org/doc/01-basic-usage.md#installing-dependencies",
        "This file is @generated automatically"
    ],
    "content-hash": "f6c28b186a33d9511e13c02a9a3d0cdb",
    "packages": [
        {
            "name": "aristath/github-theme-updater",
            "version": "v0.2",
            "source": {
                "type": "git",
                "url": "https://github.com/aristath/github-theme-updater.git",
                "reference": "edc92b0d2ceca56195843f2feb663fec6d03d671"
            },
            "dist": {
                "type": "zip",
                "url": "https://api.github.com/repos/aristath/github-theme-updater/zipball/edc92b0d2ceca56195843f2feb663fec6d03d671",
                "reference": "edc92b0d2ceca56195843f2feb663fec6d03d671",
                "shasum": ""
            },
            "require": {
                "php": ">=5.6"
            },
            "type": "library",
            "notification-url": "https://packagist.org/downloads/",
            "license": [
                "MIT"
            ],
            "authors": [
                {
                    "name": "aristath",
                    "email": "aristath@gmail.com",
                    "homepage": "https://aristath.github.io",
                    "role": "Developer"
                }
            ],
            "description": "Custom updater class for WordPress themes hosted on Github",
            "homepage": "https://aristath.github.io/github-theme-updater",
            "keywords": [
                "Theme Updater",
                "github",
                "wordpress"
            ],
            "support": {
                "issues": "https://github.com/aristath/github-theme-updater/issues",
                "source": "https://github.com/aristath/github-theme-updater/tree/v0.2"
            },
            "time": "2023-12-22T11:10:16+00:00"
        }
    ],
    "packages-dev": [],
    "aliases": [],
    "minimum-stability": "stable",
    "stability-flags": {},
    "prefer-stable": false,
    "prefer-lowest": false,
    "platform": {},
    "platform-dev": {},
    "plugin-api-version": "2.9.0"
}
